// !$*UTF8*$!
{
	archiveVersion = 1;
	classes = {
	};
	objectVersion = 50;
	objects = {

/* Begin PBXBuildFile section */
		8BDDD1922482A2C20056AEE9 /* AppDelegate.swift in Sources */ = {isa = PBXBuildFile; fileRef = 8BDDD1912482A2C20056AEE9 /* AppDelegate.swift */; };
		8BDDD19B2482A2C70056AEE9 /* Assets.xcassets in Resources */ = {isa = PBXBuildFile; fileRef = 8BDDD19A2482A2C70056AEE9 /* Assets.xcassets */; };
		8BDDD19E2482A2C70056AEE9 /* LaunchScreen.storyboard in Resources */ = {isa = PBXBuildFile; fileRef = 8BDDD19C2482A2C70056AEE9 /* LaunchScreen.storyboard */; };
		8BDDD1A92482A2C70056AEE9 /* CatsDogsTests.swift in Sources */ = {isa = PBXBuildFile; fileRef = 8BDDD1A82482A2C70056AEE9 /* CatsDogsTests.swift */; };
		8BDDD1C12482A37E0056AEE9 /* Core.framework in Frameworks */ = {isa = PBXBuildFile; fileRef = 8BDDD1B82482A37E0056AEE9 /* Core.framework */; };
		8BDDD1D82482A44F0056AEE9 /* CatServiceTests.swift in Sources */ = {isa = PBXBuildFile; fileRef = 8BDDD1D72482A44F0056AEE9 /* CatServiceTests.swift */; };
		8BDDD1DA2482A5A40056AEE9 /* XCTestCase+MemoryLeakTracking.swift in Sources */ = {isa = PBXBuildFile; fileRef = 8BDDD1D92482A5A40056AEE9 /* XCTestCase+MemoryLeakTracking.swift */; };
		8BDDD24E2483023E0056AEE9 /* Cat.swift in Sources */ = {isa = PBXBuildFile; fileRef = 8BDDD24D2483023E0056AEE9 /* Cat.swift */; };
		8BDDD250248302AB0056AEE9 /* CatLoader.swift in Sources */ = {isa = PBXBuildFile; fileRef = 8BDDD24F248302AB0056AEE9 /* CatLoader.swift */; };
		8BDDD252248303400056AEE9 /* CatService.swift in Sources */ = {isa = PBXBuildFile; fileRef = 8BDDD251248303400056AEE9 /* CatService.swift */; };
		8BDDD2562483969E0056AEE9 /* SpyObserver.swift in Sources */ = {isa = PBXBuildFile; fileRef = 8BDDD2552483969E0056AEE9 /* SpyObserver.swift */; };
		8BDDD25824839A840056AEE9 /* Cancellable.swift in Sources */ = {isa = PBXBuildFile; fileRef = 8BDDD25724839A840056AEE9 /* Cancellable.swift */; };
/* End PBXBuildFile section */

/* Begin PBXContainerItemProxy section */
		8BDDD1A52482A2C70056AEE9 /* PBXContainerItemProxy */ = {
			isa = PBXContainerItemProxy;
			containerPortal = 8BDDD1862482A2C20056AEE9 /* Project object */;
			proxyType = 1;
			remoteGlobalIDString = 8BDDD18D2482A2C20056AEE9;
			remoteInfo = CatsDogs;
		};
		8BDDD1C22482A37E0056AEE9 /* PBXContainerItemProxy */ = {
			isa = PBXContainerItemProxy;
			containerPortal = 8BDDD1862482A2C20056AEE9 /* Project object */;
			proxyType = 1;
			remoteGlobalIDString = 8BDDD1B72482A37E0056AEE9;
			remoteInfo = Core;
		};
/* End PBXContainerItemProxy section */

/* Begin PBXFileReference section */
		8BDDD18E2482A2C20056AEE9 /* CatsDogs.app */ = {isa = PBXFileReference; explicitFileType = wrapper.application; includeInIndex = 0; path = CatsDogs.app; sourceTree = BUILT_PRODUCTS_DIR; };
		8BDDD1912482A2C20056AEE9 /* AppDelegate.swift */ = {isa = PBXFileReference; lastKnownFileType = sourcecode.swift; path = AppDelegate.swift; sourceTree = "<group>"; };
		8BDDD19A2482A2C70056AEE9 /* Assets.xcassets */ = {isa = PBXFileReference; lastKnownFileType = folder.assetcatalog; path = Assets.xcassets; sourceTree = "<group>"; };
		8BDDD19D2482A2C70056AEE9 /* Base */ = {isa = PBXFileReference; lastKnownFileType = file.storyboard; name = Base; path = Base.lproj/LaunchScreen.storyboard; sourceTree = "<group>"; };
		8BDDD19F2482A2C70056AEE9 /* Info.plist */ = {isa = PBXFileReference; lastKnownFileType = text.plist.xml; path = Info.plist; sourceTree = "<group>"; };
		8BDDD1A42482A2C70056AEE9 /* CatsDogsTests.xctest */ = {isa = PBXFileReference; explicitFileType = wrapper.cfbundle; includeInIndex = 0; path = CatsDogsTests.xctest; sourceTree = BUILT_PRODUCTS_DIR; };
		8BDDD1A82482A2C70056AEE9 /* CatsDogsTests.swift */ = {isa = PBXFileReference; lastKnownFileType = sourcecode.swift; path = CatsDogsTests.swift; sourceTree = "<group>"; };
		8BDDD1AA2482A2C70056AEE9 /* Info.plist */ = {isa = PBXFileReference; lastKnownFileType = text.plist.xml; path = Info.plist; sourceTree = "<group>"; };
		8BDDD1B82482A37E0056AEE9 /* Core.framework */ = {isa = PBXFileReference; explicitFileType = wrapper.framework; includeInIndex = 0; path = Core.framework; sourceTree = BUILT_PRODUCTS_DIR; };
		8BDDD1BB2482A37E0056AEE9 /* Info.plist */ = {isa = PBXFileReference; lastKnownFileType = text.plist.xml; path = Info.plist; sourceTree = "<group>"; };
		8BDDD1C02482A37E0056AEE9 /* CoreTests.xctest */ = {isa = PBXFileReference; explicitFileType = wrapper.cfbundle; includeInIndex = 0; path = CoreTests.xctest; sourceTree = BUILT_PRODUCTS_DIR; };
		8BDDD1C72482A37E0056AEE9 /* Info.plist */ = {isa = PBXFileReference; lastKnownFileType = text.plist.xml; path = Info.plist; sourceTree = "<group>"; };
		8BDDD1D72482A44F0056AEE9 /* CatServiceTests.swift */ = {isa = PBXFileReference; lastKnownFileType = sourcecode.swift; path = CatServiceTests.swift; sourceTree = "<group>"; };
		8BDDD1D92482A5A40056AEE9 /* XCTestCase+MemoryLeakTracking.swift */ = {isa = PBXFileReference; fileEncoding = 4; lastKnownFileType = sourcecode.swift; path = "XCTestCase+MemoryLeakTracking.swift"; sourceTree = "<group>"; };
		8BDDD24D2483023E0056AEE9 /* Cat.swift */ = {isa = PBXFileReference; lastKnownFileType = sourcecode.swift; path = Cat.swift; sourceTree = "<group>"; };
		8BDDD24F248302AB0056AEE9 /* CatLoader.swift */ = {isa = PBXFileReference; lastKnownFileType = sourcecode.swift; path = CatLoader.swift; sourceTree = "<group>"; };
		8BDDD251248303400056AEE9 /* CatService.swift */ = {isa = PBXFileReference; lastKnownFileType = sourcecode.swift; path = CatService.swift; sourceTree = "<group>"; };
		8BDDD2552483969E0056AEE9 /* SpyObserver.swift */ = {isa = PBXFileReference; lastKnownFileType = sourcecode.swift; path = SpyObserver.swift; sourceTree = "<group>"; };
		8BDDD25724839A840056AEE9 /* Cancellable.swift */ = {isa = PBXFileReference; lastKnownFileType = sourcecode.swift; path = Cancellable.swift; sourceTree = "<group>"; };
/* End PBXFileReference section */

/* Begin PBXFrameworksBuildPhase section */
		8BDDD18B2482A2C20056AEE9 /* Frameworks */ = {
			isa = PBXFrameworksBuildPhase;
			buildActionMask = 2147483647;
			files = (
			);
			runOnlyForDeploymentPostprocessing = 0;
		};
		8BDDD1A12482A2C70056AEE9 /* Frameworks */ = {
			isa = PBXFrameworksBuildPhase;
			buildActionMask = 2147483647;
			files = (
			);
			runOnlyForDeploymentPostprocessing = 0;
		};
		8BDDD1B52482A37E0056AEE9 /* Frameworks */ = {
			isa = PBXFrameworksBuildPhase;
			buildActionMask = 2147483647;
			files = (
			);
			runOnlyForDeploymentPostprocessing = 0;
		};
		8BDDD1BD2482A37E0056AEE9 /* Frameworks */ = {
			isa = PBXFrameworksBuildPhase;
			buildActionMask = 2147483647;
			files = (
				8BDDD1C12482A37E0056AEE9 /* Core.framework in Frameworks */,
			);
			runOnlyForDeploymentPostprocessing = 0;
		};
/* End PBXFrameworksBuildPhase section */

/* Begin PBXGroup section */
		8BDDD1852482A2C20056AEE9 = {
			isa = PBXGroup;
			children = (
				8BDDD1902482A2C20056AEE9 /* CatsDogs */,
				8BDDD1A72482A2C70056AEE9 /* CatsDogsTests */,
				8BDDD1B92482A37E0056AEE9 /* Core */,
				8BDDD1C42482A37E0056AEE9 /* CoreTests */,
				8BDDD18F2482A2C20056AEE9 /* Products */,
				8BDDD1CF2482A3890056AEE9 /* Frameworks */,
			);
			sourceTree = "<group>";
		};
		8BDDD18F2482A2C20056AEE9 /* Products */ = {
			isa = PBXGroup;
			children = (
				8BDDD18E2482A2C20056AEE9 /* CatsDogs.app */,
				8BDDD1A42482A2C70056AEE9 /* CatsDogsTests.xctest */,
				8BDDD1B82482A37E0056AEE9 /* Core.framework */,
				8BDDD1C02482A37E0056AEE9 /* CoreTests.xctest */,
			);
			name = Products;
			sourceTree = "<group>";
		};
		8BDDD1902482A2C20056AEE9 /* CatsDogs */ = {
			isa = PBXGroup;
			children = (
				8BDDD1912482A2C20056AEE9 /* AppDelegate.swift */,
				8BDDD19A2482A2C70056AEE9 /* Assets.xcassets */,
				8BDDD19C2482A2C70056AEE9 /* LaunchScreen.storyboard */,
				8BDDD19F2482A2C70056AEE9 /* Info.plist */,
			);
			path = CatsDogs;
			sourceTree = "<group>";
		};
		8BDDD1A72482A2C70056AEE9 /* CatsDogsTests */ = {
			isa = PBXGroup;
			children = (
				8BDDD1A82482A2C70056AEE9 /* CatsDogsTests.swift */,
				8BDDD1AA2482A2C70056AEE9 /* Info.plist */,
			);
			path = CatsDogsTests;
			sourceTree = "<group>";
		};
		8BDDD1B92482A37E0056AEE9 /* Core */ = {
			isa = PBXGroup;
			children = (
				8BDDD1BB2482A37E0056AEE9 /* Info.plist */,
				8BDDD2532483060A0056AEE9 /* Cat */,
				8BDDD25724839A840056AEE9 /* Cancellable.swift */,
			);
			path = Core;
			sourceTree = "<group>";
		};
		8BDDD1C42482A37E0056AEE9 /* CoreTests */ = {
			isa = PBXGroup;
			children = (
				8BDDD2542483968A0056AEE9 /* Helpers */,
				8BDDD1C72482A37E0056AEE9 /* Info.plist */,
				8BDDD1D72482A44F0056AEE9 /* CatServiceTests.swift */,
			);
			path = CoreTests;
			sourceTree = "<group>";
		};
		8BDDD1CF2482A3890056AEE9 /* Frameworks */ = {
			isa = PBXGroup;
			children = (
			);
			name = Frameworks;
			sourceTree = "<group>";
		};
		8BDDD2532483060A0056AEE9 /* Cat */ = {
			isa = PBXGroup;
			children = (
				8BDDD24D2483023E0056AEE9 /* Cat.swift */,
				8BDDD24F248302AB0056AEE9 /* CatLoader.swift */,
				8BDDD251248303400056AEE9 /* CatService.swift */,
			);
			path = Cat;
			sourceTree = "<group>";
		};
		8BDDD2542483968A0056AEE9 /* Helpers */ = {
			isa = PBXGroup;
			children = (
				8BDDD1D92482A5A40056AEE9 /* XCTestCase+MemoryLeakTracking.swift */,
				8BDDD2552483969E0056AEE9 /* SpyObserver.swift */,
			);
			path = Helpers;
			sourceTree = "<group>";
		};
/* End PBXGroup section */

/* Begin PBXHeadersBuildPhase section */
		8BDDD1B32482A37E0056AEE9 /* Headers */ = {
			isa = PBXHeadersBuildPhase;
			buildActionMask = 2147483647;
			files = (
			);
			runOnlyForDeploymentPostprocessing = 0;
		};
/* End PBXHeadersBuildPhase section */

/* Begin PBXNativeTarget section */
		8BDDD18D2482A2C20056AEE9 /* CatsDogs */ = {
			isa = PBXNativeTarget;
			buildConfigurationList = 8BDDD1AD2482A2C70056AEE9 /* Build configuration list for PBXNativeTarget "CatsDogs" */;
			buildPhases = (
				8BDDD18A2482A2C20056AEE9 /* Sources */,
				8BDDD18B2482A2C20056AEE9 /* Frameworks */,
				8BDDD18C2482A2C20056AEE9 /* Resources */,
			);
			buildRules = (
			);
			dependencies = (
			);
			name = CatsDogs;
			productName = CatsDogs;
			productReference = 8BDDD18E2482A2C20056AEE9 /* CatsDogs.app */;
			productType = "com.apple.product-type.application";
		};
		8BDDD1A32482A2C70056AEE9 /* CatsDogsTests */ = {
			isa = PBXNativeTarget;
			buildConfigurationList = 8BDDD1B02482A2C70056AEE9 /* Build configuration list for PBXNativeTarget "CatsDogsTests" */;
			buildPhases = (
				8BDDD1A02482A2C70056AEE9 /* Sources */,
				8BDDD1A12482A2C70056AEE9 /* Frameworks */,
				8BDDD1A22482A2C70056AEE9 /* Resources */,
			);
			buildRules = (
			);
			dependencies = (
				8BDDD1A62482A2C70056AEE9 /* PBXTargetDependency */,
			);
			name = CatsDogsTests;
			productName = CatsDogsTests;
			productReference = 8BDDD1A42482A2C70056AEE9 /* CatsDogsTests.xctest */;
			productType = "com.apple.product-type.bundle.unit-test";
		};
		8BDDD1B72482A37E0056AEE9 /* Core */ = {
			isa = PBXNativeTarget;
			buildConfigurationList = 8BDDD1C92482A37E0056AEE9 /* Build configuration list for PBXNativeTarget "Core" */;
			buildPhases = (
				8BDDD1B32482A37E0056AEE9 /* Headers */,
				8BDDD1B42482A37E0056AEE9 /* Sources */,
				8BDDD1B52482A37E0056AEE9 /* Frameworks */,
				8BDDD1B62482A37E0056AEE9 /* Resources */,
			);
			buildRules = (
			);
			dependencies = (
			);
			name = Core;
			productName = Core;
			productReference = 8BDDD1B82482A37E0056AEE9 /* Core.framework */;
			productType = "com.apple.product-type.framework";
		};
		8BDDD1BF2482A37E0056AEE9 /* CoreTests */ = {
			isa = PBXNativeTarget;
			buildConfigurationList = 8BDDD1CC2482A37E0056AEE9 /* Build configuration list for PBXNativeTarget "CoreTests" */;
			buildPhases = (
				8BDDD1BC2482A37E0056AEE9 /* Sources */,
				8BDDD1BD2482A37E0056AEE9 /* Frameworks */,
				8BDDD1BE2482A37E0056AEE9 /* Resources */,
			);
			buildRules = (
			);
			dependencies = (
				8BDDD1C32482A37E0056AEE9 /* PBXTargetDependency */,
			);
			name = CoreTests;
			productName = CoreTests;
			productReference = 8BDDD1C02482A37E0056AEE9 /* CoreTests.xctest */;
			productType = "com.apple.product-type.bundle.unit-test";
		};
/* End PBXNativeTarget section */

/* Begin PBXProject section */
		8BDDD1862482A2C20056AEE9 /* Project object */ = {
			isa = PBXProject;
			attributes = {
				LastSwiftUpdateCheck = 1140;
				LastUpgradeCheck = 1140;
				ORGANIZATIONNAME = "Danil Lahtin";
				TargetAttributes = {
					8BDDD18D2482A2C20056AEE9 = {
						CreatedOnToolsVersion = 11.4.1;
					};
					8BDDD1A32482A2C70056AEE9 = {
						CreatedOnToolsVersion = 11.4.1;
						TestTargetID = 8BDDD18D2482A2C20056AEE9;
					};
					8BDDD1B72482A37E0056AEE9 = {
						CreatedOnToolsVersion = 11.4.1;
						LastSwiftMigration = 1140;
					};
					8BDDD1BF2482A37E0056AEE9 = {
						CreatedOnToolsVersion = 11.4.1;
					};
				};
			};
			buildConfigurationList = 8BDDD1892482A2C20056AEE9 /* Build configuration list for PBXProject "CatsDogs" */;
			compatibilityVersion = "Xcode 9.3";
			developmentRegion = en;
			hasScannedForEncodings = 0;
			knownRegions = (
				en,
				Base,
			);
			mainGroup = 8BDDD1852482A2C20056AEE9;
			productRefGroup = 8BDDD18F2482A2C20056AEE9 /* Products */;
			projectDirPath = "";
			projectRoot = "";
			targets = (
				8BDDD18D2482A2C20056AEE9 /* CatsDogs */,
				8BDDD1A32482A2C70056AEE9 /* CatsDogsTests */,
				8BDDD1B72482A37E0056AEE9 /* Core */,
				8BDDD1BF2482A37E0056AEE9 /* CoreTests */,
			);
		};
/* End PBXProject section */

/* Begin PBXResourcesBuildPhase section */
		8BDDD18C2482A2C20056AEE9 /* Resources */ = {
			isa = PBXResourcesBuildPhase;
			buildActionMask = 2147483647;
			files = (
				8BDDD19E2482A2C70056AEE9 /* LaunchScreen.storyboard in Resources */,
				8BDDD19B2482A2C70056AEE9 /* Assets.xcassets in Resources */,
			);
			runOnlyForDeploymentPostprocessing = 0;
		};
		8BDDD1A22482A2C70056AEE9 /* Resources */ = {
			isa = PBXResourcesBuildPhase;
			buildActionMask = 2147483647;
			files = (
			);
			runOnlyForDeploymentPostprocessing = 0;
		};
		8BDDD1B62482A37E0056AEE9 /* Resources */ = {
			isa = PBXResourcesBuildPhase;
			buildActionMask = 2147483647;
			files = (
			);
			runOnlyForDeploymentPostprocessing = 0;
		};
		8BDDD1BE2482A37E0056AEE9 /* Resources */ = {
			isa = PBXResourcesBuildPhase;
			buildActionMask = 2147483647;
			files = (
			);
			runOnlyForDeploymentPostprocessing = 0;
		};
/* End PBXResourcesBuildPhase section */

/* Begin PBXSourcesBuildPhase section */
		8BDDD18A2482A2C20056AEE9 /* Sources */ = {
			isa = PBXSourcesBuildPhase;
			buildActionMask = 2147483647;
			files = (
				8BDDD1922482A2C20056AEE9 /* AppDelegate.swift in Sources */,
			);
			runOnlyForDeploymentPostprocessing = 0;
		};
		8BDDD1A02482A2C70056AEE9 /* Sources */ = {
			isa = PBXSourcesBuildPhase;
			buildActionMask = 2147483647;
			files = (
				8BDDD1A92482A2C70056AEE9 /* CatsDogsTests.swift in Sources */,
			);
			runOnlyForDeploymentPostprocessing = 0;
		};
		8BDDD1B42482A37E0056AEE9 /* Sources */ = {
			isa = PBXSourcesBuildPhase;
			buildActionMask = 2147483647;
			files = (
				8BDDD252248303400056AEE9 /* CatService.swift in Sources */,
				8BDDD24E2483023E0056AEE9 /* Cat.swift in Sources */,
				8BDDD25824839A840056AEE9 /* Cancellable.swift in Sources */,
				8BDDD250248302AB0056AEE9 /* CatLoader.swift in Sources */,
			);
			runOnlyForDeploymentPostprocessing = 0;
		};
		8BDDD1BC2482A37E0056AEE9 /* Sources */ = {
			isa = PBXSourcesBuildPhase;
			buildActionMask = 2147483647;
			files = (
				8BDDD1D82482A44F0056AEE9 /* CatServiceTests.swift in Sources */,
				8BDDD1DA2482A5A40056AEE9 /* XCTestCase+MemoryLeakTracking.swift in Sources */,
				8BDDD2562483969E0056AEE9 /* SpyObserver.swift in Sources */,
			);
			runOnlyForDeploymentPostprocessing = 0;
		};
/* End PBXSourcesBuildPhase section */

/* Begin PBXTargetDependency section */
		8BDDD1A62482A2C70056AEE9 /* PBXTargetDependency */ = {
			isa = PBXTargetDependency;
			target = 8BDDD18D2482A2C20056AEE9 /* CatsDogs */;
			targetProxy = 8BDDD1A52482A2C70056AEE9 /* PBXContainerItemProxy */;
		};
		8BDDD1C32482A37E0056AEE9 /* PBXTargetDependency */ = {
			isa = PBXTargetDependency;
			target = 8BDDD1B72482A37E0056AEE9 /* Core */;
			targetProxy = 8BDDD1C22482A37E0056AEE9 /* PBXContainerItemProxy */;
		};
/* End PBXTargetDependency section */

/* Begin PBXVariantGroup section */
		8BDDD19C2482A2C70056AEE9 /* LaunchScreen.storyboard */ = {
			isa = PBXVariantGroup;
			children = (
				8BDDD19D2482A2C70056AEE9 /* Base */,
			);
			name = LaunchScreen.storyboard;
			sourceTree = "<group>";
		};
/* End PBXVariantGroup section */

/* Begin XCBuildConfiguration section */
		8BDDD1AB2482A2C70056AEE9 /* Debug */ = {
			isa = XCBuildConfiguration;
			buildSettings = {
				ALWAYS_SEARCH_USER_PATHS = NO;
				CLANG_ANALYZER_NONNULL = YES;
				CLANG_ANALYZER_NUMBER_OBJECT_CONVERSION = YES_AGGRESSIVE;
				CLANG_CXX_LANGUAGE_STANDARD = "gnu++14";
				CLANG_CXX_LIBRARY = "libc++";
				CLANG_ENABLE_MODULES = YES;
				CLANG_ENABLE_OBJC_ARC = YES;
				CLANG_ENABLE_OBJC_WEAK = YES;
				CLANG_WARN_BLOCK_CAPTURE_AUTORELEASING = YES;
				CLANG_WARN_BOOL_CONVERSION = YES;
				CLANG_WARN_COMMA = YES;
				CLANG_WARN_CONSTANT_CONVERSION = YES;
				CLANG_WARN_DEPRECATED_OBJC_IMPLEMENTATIONS = YES;
				CLANG_WARN_DIRECT_OBJC_ISA_USAGE = YES_ERROR;
				CLANG_WARN_DOCUMENTATION_COMMENTS = YES;
				CLANG_WARN_EMPTY_BODY = YES;
				CLANG_WARN_ENUM_CONVERSION = YES;
				CLANG_WARN_INFINITE_RECURSION = YES;
				CLANG_WARN_INT_CONVERSION = YES;
				CLANG_WARN_NON_LITERAL_NULL_CONVERSION = YES;
				CLANG_WARN_OBJC_IMPLICIT_RETAIN_SELF = YES;
				CLANG_WARN_OBJC_LITERAL_CONVERSION = YES;
				CLANG_WARN_OBJC_ROOT_CLASS = YES_ERROR;
				CLANG_WARN_RANGE_LOOP_ANALYSIS = YES;
				CLANG_WARN_STRICT_PROTOTYPES = YES;
				CLANG_WARN_SUSPICIOUS_MOVE = YES;
				CLANG_WARN_UNGUARDED_AVAILABILITY = YES_AGGRESSIVE;
				CLANG_WARN_UNREACHABLE_CODE = YES;
				CLANG_WARN__DUPLICATE_METHOD_MATCH = YES;
				COPY_PHASE_STRIP = NO;
				DEBUG_INFORMATION_FORMAT = dwarf;
				ENABLE_STRICT_OBJC_MSGSEND = YES;
				ENABLE_TESTABILITY = YES;
				GCC_C_LANGUAGE_STANDARD = gnu11;
				GCC_DYNAMIC_NO_PIC = NO;
				GCC_NO_COMMON_BLOCKS = YES;
				GCC_OPTIMIZATION_LEVEL = 0;
				GCC_PREPROCESSOR_DEFINITIONS = (
					"DEBUG=1",
					"$(inherited)",
				);
				GCC_WARN_64_TO_32_BIT_CONVERSION = YES;
				GCC_WARN_ABOUT_RETURN_TYPE = YES_ERROR;
				GCC_WARN_UNDECLARED_SELECTOR = YES;
				GCC_WARN_UNINITIALIZED_AUTOS = YES_AGGRESSIVE;
				GCC_WARN_UNUSED_FUNCTION = YES;
				GCC_WARN_UNUSED_VARIABLE = YES;
				IPHONEOS_DEPLOYMENT_TARGET = 13.4;
				MTL_ENABLE_DEBUG_INFO = INCLUDE_SOURCE;
				MTL_FAST_MATH = YES;
				ONLY_ACTIVE_ARCH = YES;
				SDKROOT = iphoneos;
				SWIFT_ACTIVE_COMPILATION_CONDITIONS = DEBUG;
				SWIFT_OPTIMIZATION_LEVEL = "-Onone";
			};
			name = Debug;
		};
		8BDDD1AC2482A2C70056AEE9 /* Release */ = {
			isa = XCBuildConfiguration;
			buildSettings = {
				ALWAYS_SEARCH_USER_PATHS = NO;
				CLANG_ANALYZER_NONNULL = YES;
				CLANG_ANALYZER_NUMBER_OBJECT_CONVERSION = YES_AGGRESSIVE;
				CLANG_CXX_LANGUAGE_STANDARD = "gnu++14";
				CLANG_CXX_LIBRARY = "libc++";
				CLANG_ENABLE_MODULES = YES;
				CLANG_ENABLE_OBJC_ARC = YES;
				CLANG_ENABLE_OBJC_WEAK = YES;
				CLANG_WARN_BLOCK_CAPTURE_AUTORELEASING = YES;
				CLANG_WARN_BOOL_CONVERSION = YES;
				CLANG_WARN_COMMA = YES;
				CLANG_WARN_CONSTANT_CONVERSION = YES;
				CLANG_WARN_DEPRECATED_OBJC_IMPLEMENTATIONS = YES;
				CLANG_WARN_DIRECT_OBJC_ISA_USAGE = YES_ERROR;
				CLANG_WARN_DOCUMENTATION_COMMENTS = YES;
				CLANG_WARN_EMPTY_BODY = YES;
				CLANG_WARN_ENUM_CONVERSION = YES;
				CLANG_WARN_INFINITE_RECURSION = YES;
				CLANG_WARN_INT_CONVERSION = YES;
				CLANG_WARN_NON_LITERAL_NULL_CONVERSION = YES;
				CLANG_WARN_OBJC_IMPLICIT_RETAIN_SELF = YES;
				CLANG_WARN_OBJC_LITERAL_CONVERSION = YES;
				CLANG_WARN_OBJC_ROOT_CLASS = YES_ERROR;
				CLANG_WARN_RANGE_LOOP_ANALYSIS = YES;
				CLANG_WARN_STRICT_PROTOTYPES = YES;
				CLANG_WARN_SUSPICIOUS_MOVE = YES;
				CLANG_WARN_UNGUARDED_AVAILABILITY = YES_AGGRESSIVE;
				CLANG_WARN_UNREACHABLE_CODE = YES;
				CLANG_WARN__DUPLICATE_METHOD_MATCH = YES;
				COPY_PHASE_STRIP = NO;
				DEBUG_INFORMATION_FORMAT = "dwarf-with-dsym";
				ENABLE_NS_ASSERTIONS = NO;
				ENABLE_STRICT_OBJC_MSGSEND = YES;
				GCC_C_LANGUAGE_STANDARD = gnu11;
				GCC_NO_COMMON_BLOCKS = YES;
				GCC_WARN_64_TO_32_BIT_CONVERSION = YES;
				GCC_WARN_ABOUT_RETURN_TYPE = YES_ERROR;
				GCC_WARN_UNDECLARED_SELECTOR = YES;
				GCC_WARN_UNINITIALIZED_AUTOS = YES_AGGRESSIVE;
				GCC_WARN_UNUSED_FUNCTION = YES;
				GCC_WARN_UNUSED_VARIABLE = YES;
				IPHONEOS_DEPLOYMENT_TARGET = 13.4;
				MTL_ENABLE_DEBUG_INFO = NO;
				MTL_FAST_MATH = YES;
				SDKROOT = iphoneos;
				SWIFT_COMPILATION_MODE = wholemodule;
				SWIFT_OPTIMIZATION_LEVEL = "-O";
				VALIDATE_PRODUCT = YES;
			};
			name = Release;
		};
		8BDDD1AE2482A2C70056AEE9 /* Debug */ = {
			isa = XCBuildConfiguration;
			buildSettings = {
				ASSETCATALOG_COMPILER_APPICON_NAME = AppIcon;
				CODE_SIGN_STYLE = Automatic;
				INFOPLIST_FILE = CatsDogs/Info.plist;
				LD_RUNPATH_SEARCH_PATHS = (
					"$(inherited)",
					"@executable_path/Frameworks",
				);
				PRODUCT_BUNDLE_IDENTIFIER = yourcompany.CatsDogs;
				PRODUCT_NAME = "$(TARGET_NAME)";
				SWIFT_VERSION = 5.0;
				TARGETED_DEVICE_FAMILY = "1,2";
			};
			name = Debug;
		};
		8BDDD1AF2482A2C70056AEE9 /* Release */ = {
			isa = XCBuildConfiguration;
			buildSettings = {
				ASSETCATALOG_COMPILER_APPICON_NAME = AppIcon;
				CODE_SIGN_STYLE = Automatic;
				INFOPLIST_FILE = CatsDogs/Info.plist;
				LD_RUNPATH_SEARCH_PATHS = (
					"$(inherited)",
					"@executable_path/Frameworks",
				);
				PRODUCT_BUNDLE_IDENTIFIER = yourcompany.CatsDogs;
				PRODUCT_NAME = "$(TARGET_NAME)";
				SWIFT_VERSION = 5.0;
				TARGETED_DEVICE_FAMILY = "1,2";
			};
			name = Release;
		};
		8BDDD1B12482A2C70056AEE9 /* Debug */ = {
			isa = XCBuildConfiguration;
			buildSettings = {
				ALWAYS_EMBED_SWIFT_STANDARD_LIBRARIES = YES;
				BUNDLE_LOADER = "$(TEST_HOST)";
				CODE_SIGN_STYLE = Automatic;
				INFOPLIST_FILE = CatsDogsTests/Info.plist;
				IPHONEOS_DEPLOYMENT_TARGET = 13.4;
				LD_RUNPATH_SEARCH_PATHS = (
					"$(inherited)",
					"@executable_path/Frameworks",
					"@loader_path/Frameworks",
				);
				PRODUCT_BUNDLE_IDENTIFIER = yourcompany.CatsDogsTests;
				PRODUCT_NAME = "$(TARGET_NAME)";
				SWIFT_VERSION = 5.0;
				TARGETED_DEVICE_FAMILY = "1,2";
				TEST_HOST = "$(BUILT_PRODUCTS_DIR)/CatsDogs.app/CatsDogs";
			};
			name = Debug;
		};
		8BDDD1B22482A2C70056AEE9 /* Release */ = {
			isa = XCBuildConfiguration;
			buildSettings = {
				ALWAYS_EMBED_SWIFT_STANDARD_LIBRARIES = YES;
				BUNDLE_LOADER = "$(TEST_HOST)";
				CODE_SIGN_STYLE = Automatic;
				INFOPLIST_FILE = CatsDogsTests/Info.plist;
				IPHONEOS_DEPLOYMENT_TARGET = 13.4;
				LD_RUNPATH_SEARCH_PATHS = (
					"$(inherited)",
					"@executable_path/Frameworks",
					"@loader_path/Frameworks",
				);
				PRODUCT_BUNDLE_IDENTIFIER = yourcompany.CatsDogsTests;
				PRODUCT_NAME = "$(TARGET_NAME)";
				SWIFT_VERSION = 5.0;
				TARGETED_DEVICE_FAMILY = "1,2";
				TEST_HOST = "$(BUILT_PRODUCTS_DIR)/CatsDogs.app/CatsDogs";
			};
			name = Release;
		};
		8BDDD1CA2482A37E0056AEE9 /* Debug */ = {
			isa = XCBuildConfiguration;
			buildSettings = {
				CLANG_ENABLE_MODULES = YES;
				CODE_SIGN_STYLE = Automatic;
				COMBINE_HIDPI_IMAGES = YES;
				CURRENT_PROJECT_VERSION = 1;
				DEFINES_MODULE = YES;
				DYLIB_COMPATIBILITY_VERSION = 1;
				DYLIB_CURRENT_VERSION = 1;
				DYLIB_INSTALL_NAME_BASE = "@rpath";
				INFOPLIST_FILE = Core/Info.plist;
				INSTALL_PATH = "$(LOCAL_LIBRARY_DIR)/Frameworks";
				LD_RUNPATH_SEARCH_PATHS = (
					"$(inherited)",
					"@executable_path/../Frameworks",
					"@loader_path/Frameworks",
				);
				MACOSX_DEPLOYMENT_TARGET = 10.15;
				PRODUCT_BUNDLE_IDENTIFIER = yourcompany.Core;
				PRODUCT_NAME = "$(TARGET_NAME:c99extidentifier)";
				SDKROOT = macosx;
				SKIP_INSTALL = YES;
				SUPPORTED_PLATFORMS = macosx;
				SWIFT_OPTIMIZATION_LEVEL = "-Onone";
				SWIFT_VERSION = 5.0;
				VERSIONING_SYSTEM = "apple-generic";
				VERSION_INFO_PREFIX = "";
			};
			name = Debug;
		};
		8BDDD1CB2482A37E0056AEE9 /* Release */ = {
			isa = XCBuildConfiguration;
			buildSettings = {
				CLANG_ENABLE_MODULES = YES;
				CODE_SIGN_STYLE = Automatic;
				COMBINE_HIDPI_IMAGES = YES;
				CURRENT_PROJECT_VERSION = 1;
				DEFINES_MODULE = YES;
				DYLIB_COMPATIBILITY_VERSION = 1;
				DYLIB_CURRENT_VERSION = 1;
				DYLIB_INSTALL_NAME_BASE = "@rpath";
				INFOPLIST_FILE = Core/Info.plist;
				INSTALL_PATH = "$(LOCAL_LIBRARY_DIR)/Frameworks";
				LD_RUNPATH_SEARCH_PATHS = (
					"$(inherited)",
					"@executable_path/../Frameworks",
					"@loader_path/Frameworks",
				);
				MACOSX_DEPLOYMENT_TARGET = 10.15;
				PRODUCT_BUNDLE_IDENTIFIER = yourcompany.Core;
				PRODUCT_NAME = "$(TARGET_NAME:c99extidentifier)";
				SDKROOT = macosx;
				SKIP_INSTALL = YES;
				SUPPORTED_PLATFORMS = macosx;
				SWIFT_VERSION = 5.0;
				VERSIONING_SYSTEM = "apple-generic";
				VERSION_INFO_PREFIX = "";
			};
			name = Release;
		};
		8BDDD1CD2482A37E0056AEE9 /* Debug */ = {
			isa = XCBuildConfiguration;
			buildSettings = {
				ALWAYS_EMBED_SWIFT_STANDARD_LIBRARIES = YES;
				CODE_SIGN_STYLE = Automatic;
				COMBINE_HIDPI_IMAGES = YES;
				INFOPLIST_FILE = CoreTests/Info.plist;
				LD_RUNPATH_SEARCH_PATHS = (
					"$(inherited)",
					"@executable_path/../Frameworks",
					"@loader_path/../Frameworks",
				);
				MACOSX_DEPLOYMENT_TARGET = 10.15;
				PRODUCT_BUNDLE_IDENTIFIER = yourcompany.CoreTests;
				PRODUCT_NAME = "$(TARGET_NAME)";
				SDKROOT = macosx;
				SWIFT_VERSION = 5.0;
			};
			name = Debug;
		};
		8BDDD1CE2482A37E0056AEE9 /* Release */ = {
			isa = XCBuildConfiguration;
			buildSettings = {
				ALWAYS_EMBED_SWIFT_STANDARD_LIBRARIES = YES;
				CODE_SIGN_STYLE = Automatic;
				COMBINE_HIDPI_IMAGES = YES;
				INFOPLIST_FILE = CoreTests/Info.plist;
				LD_RUNPATH_SEARCH_PATHS = (
					"$(inherited)",
					"@executable_path/../Frameworks",
					"@loader_path/../Frameworks",
				);
				MACOSX_DEPLOYMENT_TARGET = 10.15;
				PRODUCT_BUNDLE_IDENTIFIER = yourcompany.CoreTests;
				PRODUCT_NAME = "$(TARGET_NAME)";
				SDKROOT = macosx;
				SWIFT_VERSION = 5.0;
			};
			name = Release;
		};
/* End XCBuildConfiguration section */

/* Begin XCConfigurationList section */
		8BDDD1892482A2C20056AEE9 /* Build configuration list for PBXProject "CatsDogs" */ = {
			isa = XCConfigurationList;
			buildConfigurations = (
				8BDDD1AB2482A2C70056AEE9 /* Debug */,
				8BDDD1AC2482A2C70056AEE9 /* Release */,
			);
			defaultConfigurationIsVisible = 0;
			defaultConfigurationName = Release;
		};
		8BDDD1AD2482A2C70056AEE9 /* Build configuration list for PBXNativeTarget "CatsDogs" */ = {
			isa = XCConfigurationList;
			buildConfigurations = (
				8BDDD1AE2482A2C70056AEE9 /* Debug */,
				8BDDD1AF2482A2C70056AEE9 /* Release */,
			);
			defaultConfigurationIsVisible = 0;
			defaultConfigurationName = Release;
		};
		8BDDD1B02482A2C70056AEE9 /* Build configuration list for PBXNativeTarget "CatsDogsTests" */ = {
			isa = XCConfigurationList;
			buildConfigurations = (
				8BDDD1B12482A2C70056AEE9 /* Debug */,
				8BDDD1B22482A2C70056AEE9 /* Release */,
			);
			defaultConfigurationIsVisible = 0;
			defaultConfigurationName = Release;
		};
		8BDDD1C92482A37E0056AEE9 /* Build configuration list for PBXNativeTarget "Core" */ = {
			isa = XCConfigurationList;
			buildConfigurations = (
				8BDDD1CA2482A37E0056AEE9 /* Debug */,
				8BDDD1CB2482A37E0056AEE9 /* Release */,
			);
			defaultConfigurationIsVisible = 0;
			defaultConfigurationName = Release;
		};
		8BDDD1CC2482A37E0056AEE9 /* Build configuration list for PBXNativeTarget "CoreTests" */ = {
			isa = XCConfigurationList;
			buildConfigurations = (
				8BDDD1CD2482A37E0056AEE9 /* Debug */,
				8BDDD1CE2482A37E0056AEE9 /* Release */,
			);
			defaultConfigurationIsVisible = 0;
			defaultConfigurationName = Release;
		};
/* End XCConfigurationList section */
	};
	rootObject = 8BDDD1862482A2C20056AEE9 /* Project object */;
}
